
Microsoft Visual Studio Solution File, Format Version 12.00
# Visual Studio Version 17
VisualStudioVersion = 17.4.33403.182
MinimumVisualStudioVersion = 10.0.40219.1
Project("{FAE04EC0-301F-11D3-BF4B-00C04F79EFBC}") = "SCADA.Industrial", "SCADA.Industrial\SCADA.Industrial.csproj", "{821C5F81-DB8A-4FD5-B901-CEC5BBF5A63C}"
EndProject
Project("{FAE04EC0-301F-11D3-BF4B-00C04F79EFBC}") = "SCADA.Communication", "SCADA.Communication\SCADA.Communication.csproj", "{70C47E59-45CD-4414-91B9-3BF0BC850593}"
EndProject
Project("{FAE04EC0-301F-11D3-BF4B-00C04F79EFBC}") = "SCADA.Controls", "SCADA.Controls\SCADA.Controls.csproj", "{248A01FE-7EEC-4557-9F96-53A3A7739C09}"
EndProject
Global
	GlobalSection(SolutionConfigurationPlatforms) = preSolution
		Debug|Any CPU = Debug|Any CPU
		Release|Any CPU = Release|Any CPU
	EndGlobalSection
	GlobalSection(ProjectConfigurationPlatforms) = postSolution
		{821C5F81-DB8A-4FD5-B901-CEC5BBF5A63C}.Debug|Any CPU.ActiveCfg = Debug|Any CPU
		{821C5F81-DB8A-4FD5-B901-CEC5BBF5A63C}.Debug|Any CPU.Build.0 = Debug|Any CPU
		{821C5F81-DB8A-4FD5-B901-CEC5BBF5A63C}.Release|Any CPU.ActiveCfg = Release|Any CPU
		{821C5F81-DB8A-4FD5-B901-CEC5BBF5A63C}.Release|Any CPU.Build.0 = Release|Any CPU
		{70C47E59-45CD-4414-91B9-3BF0BC850593}.Debug|Any CPU.ActiveCfg = Debug|Any CPU
		{70C47E59-45CD-4414-91B9-3BF0BC850593}.Debug|Any CPU.Build.0 = Debug|Any CPU
		{70C47E59-45CD-4414-91B9-3BF0BC850593}.Release|Any CPU.ActiveCfg = Release|Any CPU
		{70C47E59-45CD-4414-91B9-3BF0BC850593}.Release|Any CPU.Build.0 = Release|Any CPU
		{248A01FE-7EEC-4557-9F96-53A3A7739C09}.Debug|Any CPU.ActiveCfg = Debug|Any CPU
		{248A01FE-7EEC-4557-9F96-53A3A7739C09}.Debug|Any CPU.Build.0 = Debug|Any CPU
		{248A01FE-7EEC-4557-9F96-53A3A7739C09}.Release|Any CPU.ActiveCfg = Release|Any CPU
		{248A01FE-7EEC-4557-9F96-53A3A7739C09}.Release|Any CPU.Build.0 = Release|Any CPU
	EndGlobalSection
	GlobalSection(SolutionProperties) = preSolution
		HideSolutionNode = FALSE
	EndGlobalSection
	GlobalSection(ExtensibilityGlobals) = postSolution
		SolutionGuid = {90F4E909-296B-40DA-83A0-F9F1A69BC24E}
	EndGlobalSection
EndGlobal
